// !$*UTF8*$!
{
	archiveVersion = 1;
	classes = {
	};
	objectVersion = 46;
	objects = {

/* Begin PBXBuildFile section */
		0299DEFF1C4F4031001EC9E0 /* AppDelegate.swift in Sources */ = {isa = PBXBuildFile; fileRef = 0299DEFE1C4F4031001EC9E0 /* AppDelegate.swift */; };
		0299DF011C4F4031001EC9E0 /* ViewController.swift in Sources */ = {isa = PBXBuildFile; fileRef = 0299DF001C4F4031001EC9E0 /* ViewController.swift */; };
		0299DF041C4F4031001EC9E0 /* Main.storyboard in Resources */ = {isa = PBXBuildFile; fileRef = 0299DF021C4F4031001EC9E0 /* Main.storyboard */; };
		0299DF061C4F4031001EC9E0 /* Assets.xcassets in Resources */ = {isa = PBXBuildFile; fileRef = 0299DF051C4F4031001EC9E0 /* Assets.xcassets */; };
		0299DF091C4F4031001EC9E0 /* LaunchScreen.storyboard in Resources */ = {isa = PBXBuildFile; fileRef = 0299DF071C4F4031001EC9E0 /* LaunchScreen.storyboard */; };
		0299DF141C4F4031001EC9E0 /* colorBallsTests.swift in Sources */ = {isa = PBXBuildFile; fileRef = 0299DF131C4F4031001EC9E0 /* colorBallsTests.swift */; };
/* End PBXBuildFile section */

/* Begin PBXContainerItemProxy section */
		0299DF101C4F4031001EC9E0 /* PBXContainerItemProxy */ = {
			isa = PBXContainerItemProxy;
			containerPortal = 0299DEF31C4F4030001EC9E0 /* Project object */;
			proxyType = 1;
			remoteGlobalIDString = 0299DEFA1C4F4031001EC9E0;
			remoteInfo = colorBalls;
		};
/* End PBXContainerItemProxy section */

/* Begin PBXFileReference section */
		0299DEFB1C4F4031001EC9E0 /* colorBalls.app */ = {isa = PBXFileReference; explicitFileType = wrapper.application; includeInIndex = 0; path = colorBalls.app; sourceTree = BUILT_PRODUCTS_DIR; };
		0299DEFE1C4F4031001EC9E0 /* AppDelegate.swift */ = {isa = PBXFileReference; lastKnownFileType = sourcecode.swift; path = AppDelegate.swift; sourceTree = "<group>"; };
		0299DF001C4F4031001EC9E0 /* ViewController.swift */ = {isa = PBXFileReference; lastKnownFileType = sourcecode.swift; path = ViewController.swift; sourceTree = "<group>"; };
		0299DF031C4F4031001EC9E0 /* Base */ = {isa = PBXFileReference; lastKnownFileType = file.storyboard; name = Base; path = Base.lproj/Main.storyboard; sourceTree = "<group>"; };
		0299DF051C4F4031001EC9E0 /* Assets.xcassets */ = {isa = PBXFileReference; lastKnownFileType = folder.assetcatalog; path = Assets.xcassets; sourceTree = "<group>"; };
		0299DF081C4F4031001EC9E0 /* Base */ = {isa = PBXFileReference; lastKnownFileType = file.storyboard; name = Base; path = Base.lproj/LaunchScreen.storyboard; sourceTree = "<group>"; };
		0299DF0A1C4F4031001EC9E0 /* Info.plist */ = {isa = PBXFileReference; lastKnownFileType = text.plist.xml; path = Info.plist; sourceTree = "<group>"; };
		0299DF0F1C4F4031001EC9E0 /* colorBallsTests.xctest */ = {isa = PBXFileReference; explicitFileType = wrapper.cfbundle; includeInIndex = 0; path = colorBallsTests.xctest; sourceTree = BUILT_PRODUCTS_DIR; };
		0299DF131C4F4031001EC9E0 /* colorBallsTests.swift */ = {isa = PBXFileReference; lastKnownFileType = sourcecode.swift; path = colorBallsTests.swift; sourceTree = "<group>"; };
		0299DF151C4F4031001EC9E0 /* Info.plist */ = {isa = PBXFileReference; lastKnownFileType = text.plist.xml; path = Info.plist; sourceTree = "<group>"; };
/* End PBXFileReference section */

/* Begin PBXFrameworksBuildPhase section */
		0299DEF81C4F4031001EC9E0 /* Frameworks */ = {
			isa = PBXFrameworksBuildPhase;
			buildActionMask = 2147483647;
			files = (
			);
			runOnlyForDeploymentPostprocessing = 0;
		};
		0299DF0C1C4F4031001EC9E0 /* Frameworks */ = {
			isa = PBXFrameworksBuildPhase;
			buildActionMask = 2147483647;
			files = (
			);
			runOnlyForDeploymentPostprocessing = 0;
		};
/* End PBXFrameworksBuildPhase section */

/* Begin PBXGroup section */
		0299DEF21C4F4030001EC9E0 = {
			isa = PBXGroup;
			children = (
				0299DEFD1C4F4031001EC9E0 /* colorBalls */,
				0299DF121C4F4031001EC9E0 /* colorBallsTests */,
				0299DEFC1C4F4031001EC9E0 /* Products */,
			);
			sourceTree = "<group>";
		};
		0299DEFC1C4F4031001EC9E0 /* Products */ = {
			isa = PBXGroup;
			children = (
				0299DEFB1C4F4031001EC9E0 /* colorBalls.app */,
				0299DF0F1C4F4031001EC9E0 /* colorBallsTests.xctest */,
			);
			name = Products;
			sourceTree = "<group>";
		};
		0299DEFD1C4F4031001EC9E0 /* colorBalls */ = {
			isa = PBXGroup;
			children = (
				0299DEFE1C4F4031001EC9E0 /* AppDelegate.swift */,
				0299DF001C4F4031001EC9E0 /* ViewController.swift */,
				0299DF021C4F4031001EC9E0 /* Main.storyboard */,
				0299DF051C4F4031001EC9E0 /* Assets.xcassets */,
				0299DF071C4F4031001EC9E0 /* LaunchScreen.storyboard */,
				0299DF0A1C4F4031001EC9E0 /* Info.plist */,
			);
			path = colorBalls;
			sourceTree = "<group>";
		};
		0299DF121C4F4031001EC9E0 /* colorBallsTests */ = {
			isa = PBXGroup;
			children = (
				0299DF131C4F4031001EC9E0 /* colorBallsTests.swift */,
				0299DF151C4F4031001EC9E0 /* Info.plist */,
			);
			path = colorBallsTests;
			sourceTree = "<group>";
		};
/* End PBXGroup section */

/* Begin PBXNativeTarget section */
		0299DEFA1C4F4031001EC9E0 /* colorBalls */ = {
			isa = PBXNativeTarget;
			buildConfigurationList = 0299DF181C4F4031001EC9E0 /* Build configuration list for PBXNativeTarget "colorBalls" */;
			buildPhases = (
				0299DEF71C4F4031001EC9E0 /* Sources */,
				0299DEF81C4F4031001EC9E0 /* Frameworks */,
				0299DEF91C4F4031001EC9E0 /* Resources */,
			);
			buildRules = (
			);
			dependencies = (
			);
			name = colorBalls;
			productName = colorBalls;
			productReference = 0299DEFB1C4F4031001EC9E0 /* colorBalls.app */;
			productType = "com.apple.product-type.application";
		};
		0299DF0E1C4F4031001EC9E0 /* colorBallsTests */ = {
			isa = PBXNativeTarget;
			buildConfigurationList = 0299DF1B1C4F4031001EC9E0 /* Build configuration list for PBXNativeTarget "colorBallsTests" */;
			buildPhases = (
				0299DF0B1C4F4031001EC9E0 /* Sources */,
				0299DF0C1C4F4031001EC9E0 /* Frameworks */,
				0299DF0D1C4F4031001EC9E0 /* Resources */,
			);
			buildRules = (
			);
			dependencies = (
				0299DF111C4F4031001EC9E0 /* PBXTargetDependency */,
			);
			name = colorBallsTests;
			productName = colorBallsTests;
			productReference = 0299DF0F1C4F4031001EC9E0 /* colorBallsTests.xctest */;
			productType = "com.apple.product-type.bundle.unit-test";
		};
/* End PBXNativeTarget section */

/* Begin PBXProject section */
		0299DEF31C4F4030001EC9E0 /* Project object */ = {
			isa = PBXProject;
			attributes = {
				LastSwiftUpdateCheck = 0720;
				LastUpgradeCheck = 0720;
				ORGANIZATIONNAME = HamiltonMac;
				TargetAttributes = {
					0299DEFA1C4F4031001EC9E0 = {
						CreatedOnToolsVersion = 7.2;
						DevelopmentTeam = GYQ7Y9WEB3;
					};
					0299DF0E1C4F4031001EC9E0 = {
						CreatedOnToolsVersion = 7.2;
						DevelopmentTeam = GYQ7Y9WEB3;
						TestTargetID = 0299DEFA1C4F4031001EC9E0;
					};
				};
			};
			buildConfigurationList = 0299DEF61C4F4030001EC9E0 /* Build configuration list for PBXProject "colorBalls" */;
			compatibilityVersion = "Xcode 3.2";
			developmentRegion = English;
			hasScannedForEncodings = 0;
			knownRegions = (
				en,
				Base,
			);
			mainGroup = 0299DEF21C4F4030001EC9E0;
			productRefGroup = 0299DEFC1C4F4031001EC9E0 /* Products */;
			projectDirPath = "";
			projectRoot = "";
			targets = (
				0299DEFA1C4F4031001EC9E0 /* colorBalls */,
				0299DF0E1C4F4031001EC9E0 /* colorBallsTests */,
			);
		};
/* End PBXProject section */

/* Begin PBXResourcesBuildPhase section */
		0299DEF91C4F4031001EC9E0 /* Resources */ = {
			isa = PBXResourcesBuildPhase;
			buildActionMask = 2147483647;
			files = (
				0299DF091C4F4031001EC9E0 /* LaunchScreen.storyboard in Resources */,
				0299DF061C4F4031001EC9E0 /* Assets.xcassets in Resources */,
				0299DF041C4F4031001EC9E0 /* Main.storyboard in Resources */,
			);
			runOnlyForDeploymentPostprocessing = 0;
		};
		0299DF0D1C4F4031001EC9E0 /* Resources */ = {
			isa = PBXResourcesBuildPhase;
			buildActionMask = 2147483647;
			files = (
			);
			runOnlyForDeploymentPostprocessing = 0;
		};
/* End PBXResourcesBuildPhase section */

/* Begin PBXSourcesBuildPhase section */
		0299DEF71C4F4031001EC9E0 /* Sources */ = {
			isa = PBXSourcesBuildPhase;
			buildActionMask = 2147483647;
			files = (
				0299DF011C4F4031001EC9E0 /* ViewController.swift in Sources */,
				0299DEFF1C4F4031001EC9E0 /* AppDelegate.swift in Sources */,
			);
			runOnlyForDeploymentPostprocessing = 0;
		};
		0299DF0B1C4F4031001EC9E0 /* Sources */ = {
			isa = PBXSourcesBuildPhase;
			buildActionMask = 2147483647;
			files = (
				0299DF141C4F4031001EC9E0 /* colorBallsTests.swift in Sources */,
			);
			runOnlyForDeploymentPostprocessing = 0;
		};
/* End PBXSourcesBuildPhase section */

/* Begin PBXTargetDependency section */
		0299DF111C4F4031001EC9E0 /* PBXTargetDependency */ = {
			isa = PBXTargetDependency;
			target = 0299DEFA1C4F4031001EC9E0 /* colorBalls */;
			targetProxy = 0299DF101C4F4031001EC9E0 /* PBXContainerItemProxy */;
		};
/* End PBXTargetDependency section */

/* Begin PBXVariantGroup section */
		0299DF021C4F4031001EC9E0 /* Main.storyboard */ = {
			isa = PBXVariantGroup;
			children = (
				0299DF031C4F4031001EC9E0 /* Base */,
			);
			name = Main.storyboard;
			sourceTree = "<group>";
		};
		0299DF071C4F4031001EC9E0 /* LaunchScreen.storyboard */ = {
			isa = PBXVariantGroup;
			children = (
				0299DF081C4F4031001EC9E0 /* Base */,
			);
			name = LaunchScreen.storyboard;
			sourceTree = "<group>";
		};
/* End PBXVariantGroup section */

/* Begin XCBuildConfiguration section */
		0299DF161C4F4031001EC9E0 /* Debug */ = {
			isa = XCBuildConfiguration;
			buildSettings = {
				ALWAYS_SEARCH_USER_PATHS = NO;
				CLANG_CXX_LANGUAGE_STANDARD = "gnu++0x";
				CLANG_CXX_LIBRARY = "libc++";
				CLANG_ENABLE_MODULES = YES;
				CLANG_ENABLE_OBJC_ARC = YES;
				CLANG_WARN_BOOL_CONVERSION = YES;
				CLANG_WARN_CONSTANT_CONVERSION = YES;
				CLANG_WARN_DIRECT_OBJC_ISA_USAGE = YES_ERROR;
				CLANG_WARN_EMPTY_BODY = YES;
				CLANG_WARN_ENUM_CONVERSION = YES;
				CLANG_WARN_INT_CONVERSION = YES;
				CLANG_WARN_OBJC_ROOT_CLASS = YES_ERROR;
				CLANG_WARN_UNREACHABLE_CODE = YES;
				CLANG_WARN__DUPLICATE_METHOD_MATCH = YES;
				"CODE_SIGN_IDENTITY[sdk=iphoneos*]" = "iPhone Developer";
				COPY_PHASE_STRIP = NO;
				DEBUG_INFORMATION_FORMAT = dwarf;
				ENABLE_STRICT_OBJC_MSGSEND = YES;
				ENABLE_TESTABILITY = YES;
				GCC_C_LANGUAGE_STANDARD = gnu99;
				GCC_DYNAMIC_NO_PIC = NO;
				GCC_NO_COMMON_BLOCKS = YES;
				GCC_OPTIMIZATION_LEVEL = 0;
				GCC_PREPROCESSOR_DEFINITIONS = (
					"DEBUG=1",
					"$(inherited)",
				);
				GCC_WARN_64_TO_32_BIT_CONVERSION = YES;
				GCC_WARN_ABOUT_RETURN_TYPE = YES_ERROR;
				GCC_WARN_UNDECLARED_SELECTOR = YES;
				GCC_WARN_UNINITIALIZED_AUTOS = YES_AGGRESSIVE;
				GCC_WARN_UNUSED_FUNCTION = YES;
				GCC_WARN_UNUSED_VARIABLE = YES;
				IPHONEOS_DEPLOYMENT_TARGET = 9.2;
				MTL_ENABLE_DEBUG_INFO = YES;
				ONLY_ACTIVE_ARCH = YES;
				SDKROOT = iphoneos;
				SWIFT_OPTIMIZATION_LEVEL = "-Onone";
			};
			name = Debug;
		};
		0299DF171C4F4031001EC9E0 /* Release */ = {
			isa = XCBuildConfiguration;
			buildSettings = {
				ALWAYS_SEARCH_USER_PATHS = NO;
				CLANG_CXX_LANGUAGE_STANDARD = "gnu++0x";
				CLANG_CXX_LIBRARY = "libc++";
				CLANG_ENABLE_MODULES = YES;
				CLANG_ENABLE_OBJC_ARC = YES;
				CLANG_WARN_BOOL_CONVERSION = YES;
				CLANG_WARN_CONSTANT_CONVERSION = YES;
				CLANG_WARN_DIRECT_OBJC_ISA_USAGE = YES_ERROR;
				CLANG_WARN_EMPTY_BODY = YES;
				CLANG_WARN_ENUM_CONVERSION = YES;
				CLANG_WARN_INT_CONVERSION = YES;
				CLANG_WARN_OBJC_ROOT_CLASS = YES_ERROR;
				CLANG_WARN_UNREACHABLE_CODE = YES;
				CLANG_WARN__DUPLICATE_METHOD_MATCH = YES;
				"CODE_SIGN_IDENTITY[sdk=iphoneos*]" = "iPhone Developer";
				COPY_PHASE_STRIP = NO;
				DEBUG_INFORMATION_FORMAT = "dwarf-with-dsym";
				ENABLE_NS_ASSERTIONS = NO;
				ENABLE_STRICT_OBJC_MSGSEND = YES;
				GCC_C_LANGUAGE_STANDARD = gnu99;
				GCC_NO_COMMON_BLOCKS = YES;
				GCC_WARN_64_TO_32_BIT_CONVERSION = YES;
				GCC_WARN_ABOUT_RETURN_TYPE = YES_ERROR;
				GCC_WARN_UNDECLARED_SELECTOR = YES;
				GCC_WARN_UNINITIALIZED_AUTOS = YES_AGGRESSIVE;
				GCC_WARN_UNUSED_FUNCTION = YES;
				GCC_WARN_UNUSED_VARIABLE = YES;
				IPHONEOS_DEPLOYMENT_TARGET = 9.2;
				MTL_ENABLE_DEBUG_INFO = NO;
				SDKROOT = iphoneos;
				VALIDATE_PRODUCT = YES;
			};
			name = Release;
		};
		0299DF191C4F4031001EC9E0 /* Debug */ = {
			isa = XCBuildConfiguration;
			buildSettings = {
				ASSETCATALOG_COMPILER_APPICON_NAME = AppIcon;
				INFOPLIST_FILE = colorBalls/Info.plist;
				LD_RUNPATH_SEARCH_PATHS = "$(inherited) @executable_path/Frameworks";
				PRODUCT_BUNDLE_IDENTIFIER = com.hamilton.colorBalls;
				PRODUCT_NAME = "$(TARGET_NAME)";
			};
			name = Debug;
		};
		0299DF1A1C4F4031001EC9E0 /* Release */ = {
			isa = XCBuildConfiguration;
			buildSettings = {
				ASSETCATALOG_COMPILER_APPICON_NAME = AppIcon;
				INFOPLIST_FILE = colorBalls/Info.plist;
				LD_RUNPATH_SEARCH_PATHS = "$(inherited) @executable_path/Frameworks";
				PRODUCT_BUNDLE_IDENTIFIER = com.hamilton.colorBalls;
				PRODUCT_NAME = "$(TARGET_NAME)";
			};
			name = Release;
		};
		0299DF1C1C4F4031001EC9E0 /* Debug */ = {
			isa = XCBuildConfiguration;
			buildSettings = {
				BUNDLE_LOADER = "$(TEST_HOST)";
				INFOPLIST_FILE = colorBallsTests/Info.plist;
				LD_RUNPATH_SEARCH_PATHS = "$(inherited) @executable_path/Frameworks @loader_path/Frameworks";
				PRODUCT_BUNDLE_IDENTIFIER = com.hamilton.colorBallsTests;
				PRODUCT_NAME = "$(TARGET_NAME)";
				TEST_HOST = "$(BUILT_PRODUCTS_DIR)/colorBalls.app/colorBalls";
			};
			name = Debug;
		};
		0299DF1D1C4F4031001EC9E0 /* Release */ = {
			isa = XCBuildConfiguration;
			buildSettings = {
				BUNDLE_LOADER = "$(TEST_HOST)";
				INFOPLIST_FILE = colorBallsTests/Info.plist;
				LD_RUNPATH_SEARCH_PATHS = "$(inherited) @executable_path/Frameworks @loader_path/Frameworks";
				PRODUCT_BUNDLE_IDENTIFIER = com.hamilton.colorBallsTests;
				PRODUCT_NAME = "$(TARGET_NAME)";
				TEST_HOST = "$(BUILT_PRODUCTS_DIR)/colorBalls.app/colorBalls";
			};
			name = Release;
		};
/* End XCBuildConfiguration section */

/* Begin XCConfigurationList section */
		0299DEF61C4F4030001EC9E0 /* Build configuration list for PBXProject "colorBalls" */ = {
			isa = XCConfigurationList;
			buildConfigurations = (
				0299DF161C4F4031001EC9E0 /* Debug */,
				0299DF171C4F4031001EC9E0 /* Release */,
			);
			defaultConfigurationIsVisible = 0;
			defaultConfigurationName = Release;
		};
		0299DF181C4F4031001EC9E0 /* Build configuration list for PBXNativeTarget "colorBalls" */ = {
			isa = XCConfigurationList;
			buildConfigurations = (
				0299DF191C4F4031001EC9E0 /* Debug */,
				0299DF1A1C4F4031001EC9E0 /* Release */,
			);
			defaultConfigurationIsVisible = 0;
		};
		0299DF1B1C4F4031001EC9E0 /* Build configuration list for PBXNativeTarget "colorBallsTests" */ = {
			isa = XCConfigurationList;
			buildConfigurations = (
				0299DF1C1C4F4031001EC9E0 /* Debug */,
				0299DF1D1C4F4031001EC9E0 /* Release */,
			);
			defaultConfigurationIsVisible = 0;
		};
/* End XCConfigurationList section */
	};
	rootObject = 0299DEF31C4F4030001EC9E0 /* Project object */;
}
